
Microsoft Visual Studio Solution File, Format Version 12.00
# Visual Studio Version 16
VisualStudioVersion = 16.0.31205.134
MinimumVisualStudioVersion = 10.0.40219.1
Project("{FAE04EC0-301F-11D3-BF4B-00C04F79EFBC}") = "Exercicio_Heranca_Polimorfismo", "Exercicio_Heranca_Polimorfismo.csproj", "{5CAD1993-D057-477E-B826-040B8E7CD8D0}"
EndProject
Global
	GlobalSection(SolutionConfigurationPlatforms) = preSolution
		Debug|Any CPU = Debug|Any CPU
		Release|Any CPU = Release|Any CPU
	EndGlobalSection
	GlobalSection(ProjectConfigurationPlatforms) = postSolution
		{5CAD1993-D057-477E-B826-040B8E7CD8D0}.Debug|Any CPU.ActiveCfg = Debug|Any CPU
		{5CAD1993-D057-477E-B826-040B8E7CD8D0}.Debug|Any CPU.Build.0 = Debug|Any CPU
		{5CAD1993-D057-477E-B826-040B8E7CD8D0}.Release|Any CPU.ActiveCfg = Release|Any CPU
		{5CAD1993-D057-477E-B826-040B8E7CD8D0}.Release|Any CPU.Build.0 = Release|Any CPU
	EndGlobalSection
	GlobalSection(SolutionProperties) = preSolution
		HideSolutionNode = FALSE
	EndGlobalSection
	GlobalSection(ExtensibilityGlobals) = postSolution
		SolutionGuid = {19B06C35-5F06-4340-97A1-F9888CA300E1}
	EndGlobalSection
EndGlobal
